// !$*UTF8*$!
{
	archiveVersion = 1;
	classes = {
	};
	objectVersion = 77;
	objects = {

/* Begin PBXBuildFile section */
		0E68F4242A1A38B6F3E1ACBA /* GrossUpView.swift in Sources */ = {isa = PBXBuildFile; fileRef = 1A10D35F5D588C77A1537B53 /* GrossUpView.swift */; };
		87A46BD7E037D044DB3CB720 /* Assets.xcassets in Resources */ = {isa = PBXBuildFile; fileRef = 2287A7DD0DD612AEF002A79C /* Assets.xcassets */; };
		96C853A550165FED6A6AEAE0 /* GrossUpTests.swift in Sources */ = {isa = PBXBuildFile; fileRef = 43D8891F6BB5F031A3698692 /* GrossUpTests.swift */; };
		C494DB58459CE6644B90C261 /* GrossUpApp.swift in Sources */ = {isa = PBXBuildFile; fileRef = 5B0D5A03F11D0EF9CE3C3640 /* GrossUpApp.swift */; };
/* End PBXBuildFile section */

/* Begin PBXContainerItemProxy section */
		9EA0C0503A0BED0BE4D217F7 /* PBXContainerItemProxy */ = {
			isa = PBXContainerItemProxy;
			containerPortal = A4E7CEDBCD12F831FFDB8CC4 /* Project object */;
			proxyType = 1;
			remoteGlobalIDString = F6C3D69F4D9897FD2F8F0BED;
			remoteInfo = GrossUp;
		};
/* End PBXContainerItemProxy section */

/* Begin PBXFileReference section */
		1A10D35F5D588C77A1537B53 /* GrossUpView.swift */ = {isa = PBXFileReference; lastKnownFileType = sourcecode.swift; path = GrossUpView.swift; sourceTree = "<group>"; };
		2287A7DD0DD612AEF002A79C /* Assets.xcassets */ = {isa = PBXFileReference; lastKnownFileType = folder.assetcatalog; path = Assets.xcassets; sourceTree = "<group>"; };
		43D8891F6BB5F031A3698692 /* GrossUpTests.swift */ = {isa = PBXFileReference; lastKnownFileType = sourcecode.swift; path = GrossUpTests.swift; sourceTree = "<group>"; };
		56A2FA42F29805B718E9FD9D /* GrossUpTests.xctest */ = {isa = PBXFileReference; includeInIndex = 0; lastKnownFileType = wrapper.cfbundle; path = GrossUpTests.xctest; sourceTree = BUILT_PRODUCTS_DIR; };
		5B0D5A03F11D0EF9CE3C3640 /* GrossUpApp.swift */ = {isa = PBXFileReference; lastKnownFileType = sourcecode.swift; path = GrossUpApp.swift; sourceTree = "<group>"; };
		61DE0B41D9A8E068EA4C3273 /* GrossUp.app */ = {isa = PBXFileReference; includeInIndex = 0; lastKnownFileType = wrapper.application; path = GrossUp.app; sourceTree = BUILT_PRODUCTS_DIR; };
/* End PBXFileReference section */

/* Begin PBXGroup section */
		1CDC6A38BB792C3FE507FEEE = {
			isa = PBXGroup;
			children = (
				2287A7DD0DD612AEF002A79C /* Assets.xcassets */,
				5B0D5A03F11D0EF9CE3C3640 /* GrossUpApp.swift */,
				43D8891F6BB5F031A3698692 /* GrossUpTests.swift */,
				1A10D35F5D588C77A1537B53 /* GrossUpView.swift */,
				FF9AD011DC890544628FB227 /* Products */,
			);
			sourceTree = "<group>";
		};
		FF9AD011DC890544628FB227 /* Products */ = {
			isa = PBXGroup;
			children = (
				61DE0B41D9A8E068EA4C3273 /* GrossUp.app */,
				56A2FA42F29805B718E9FD9D /* GrossUpTests.xctest */,
			);
			name = Products;
			sourceTree = "<group>";
		};
/* End PBXGroup section */

/* Begin PBXNativeTarget section */
		87B18CEB840A282DC4DBCCD6 /* GrossUpTests */ = {
			isa = PBXNativeTarget;
			buildConfigurationList = AA5CE51A1D5497CABB80FE48 /* Build configuration list for PBXNativeTarget "GrossUpTests" */;
			buildPhases = (
				5D75EB8BA3A6BC25C9657FFF /* Sources */,
			);
			buildRules = (
			);
			dependencies = (
				7EFBD8DA704AB9F5687D36EC /* PBXTargetDependency */,
			);
			name = GrossUpTests;
			packageProductDependencies = (
			);
			productName = GrossUpTests;
			productReference = 56A2FA42F29805B718E9FD9D /* GrossUpTests.xctest */;
			productType = "com.apple.product-type.bundle.unit-test";
		};
		F6C3D69F4D9897FD2F8F0BED /* GrossUp */ = {
			isa = PBXNativeTarget;
			buildConfigurationList = 3E1FEF1B3A802758BCF310CB /* Build configuration list for PBXNativeTarget "GrossUp" */;
			buildPhases = (
				8ED7C2DA5BB454934EC3B3A3 /* Sources */,
				C4D1D14735F700C6C0A41CF9 /* Resources */,
			);
			buildRules = (
			);
			dependencies = (
			);
			name = GrossUp;
			packageProductDependencies = (
			);
			productName = GrossUp;
			productReference = 61DE0B41D9A8E068EA4C3273 /* GrossUp.app */;
			productType = "com.apple.product-type.application";
		};
/* End PBXNativeTarget section */

/* Begin PBXProject section */
		A4E7CEDBCD12F831FFDB8CC4 /* Project object */ = {
			isa = PBXProject;
			attributes = {
				BuildIndependentTargetsInParallel = YES;
				LastUpgradeCheck = 1430;
				TargetAttributes = {
					F6C3D69F4D9897FD2F8F0BED = {
						DevelopmentTeam = S863LZ43ZG;
						ProvisioningStyle = Automatic;
					};
				};
			};
			buildConfigurationList = 5BCFBB9424C7B5A79654ECAF /* Build configuration list for PBXProject "GrossUp" */;
			compatibilityVersion = "Xcode 14.0";
			developmentRegion = en;
			hasScannedForEncodings = 0;
			knownRegions = (
				Base,
				en,
			);
			mainGroup = 1CDC6A38BB792C3FE507FEEE;
			minimizedProjectReferenceProxies = 1;
			preferredProjectObjectVersion = 77;
			projectDirPath = "";
			projectRoot = "";
			targets = (
				F6C3D69F4D9897FD2F8F0BED /* GrossUp */,
				87B18CEB840A282DC4DBCCD6 /* GrossUpTests */,
			);
		};
/* End PBXProject section */

/* Begin PBXResourcesBuildPhase section */
		C4D1D14735F700C6C0A41CF9 /* Resources */ = {
			isa = PBXResourcesBuildPhase;
			buildActionMask = 2147483647;
			files = (
				87A46BD7E037D044DB3CB720 /* Assets.xcassets in Resources */,
			);
			runOnlyForDeploymentPostprocessing = 0;
		};
/* End PBXResourcesBuildPhase section */

/* Begin PBXSourcesBuildPhase section */
		5D75EB8BA3A6BC25C9657FFF /* Sources */ = {
			isa = PBXSourcesBuildPhase;
			buildActionMask = 2147483647;
			files = (
				96C853A550165FED6A6AEAE0 /* GrossUpTests.swift in Sources */,
			);
			runOnlyForDeploymentPostprocessing = 0;
		};
		8ED7C2DA5BB454934EC3B3A3 /* Sources */ = {
			isa = PBXSourcesBuildPhase;
			buildActionMask = 2147483647;
			files = (
				C494DB58459CE6644B90C261 /* GrossUpApp.swift in Sources */,
				0E68F4242A1A38B6F3E1ACBA /* GrossUpView.swift in Sources */,
			);
			runOnlyForDeploymentPostprocessing = 0;
		};
/* End PBXSourcesBuildPhase section */

/* Begin PBXTargetDependency section */
		7EFBD8DA704AB9F5687D36EC /* PBXTargetDependency */ = {
			isa = PBXTargetDependency;
			target = F6C3D69F4D9897FD2F8F0BED /* GrossUp */;
			targetProxy = 9EA0C0503A0BED0BE4D217F7 /* PBXContainerItemProxy */;
		};
/* End PBXTargetDependency section */

/* Begin XCBuildConfiguration section */
		0D54F5162F92D0DAD4D400EE /* Debug */ = {
			isa = XCBuildConfiguration;
			buildSettings = {
				ALWAYS_SEARCH_USER_PATHS = NO;
				CLANG_ANALYZER_NONNULL = YES;
				CLANG_ANALYZER_NUMBER_OBJECT_CONVERSION = YES_AGGRESSIVE;
				CLANG_CXX_LANGUAGE_STANDARD = "gnu++14";
				CLANG_CXX_LIBRARY = "libc++";
				CLANG_ENABLE_MODULES = YES;
				CLANG_ENABLE_OBJC_ARC = YES;
				CLANG_ENABLE_OBJC_WEAK = YES;
				CLANG_WARN_BLOCK_CAPTURE_AUTORELEASING = YES;
				CLANG_WARN_BOOL_CONVERSION = YES;
				CLANG_WARN_COMMA = YES;
				CLANG_WARN_CONSTANT_CONVERSION = YES;
				CLANG_WARN_DEPRECATED_OBJC_IMPLEMENTATIONS = YES;
				CLANG_WARN_DIRECT_OBJC_ISA_USAGE = YES_ERROR;
				CLANG_WARN_DOCUMENTATION_COMMENTS = YES;
				CLANG_WARN_EMPTY_BODY = YES;
				CLANG_WARN_ENUM_CONVERSION = YES;
				CLANG_WARN_INFINITE_RECURSION = YES;
				CLANG_WARN_INT_CONVERSION = YES;
				CLANG_WARN_NON_LITERAL_NULL_CONVERSION = YES;
				CLANG_WARN_OBJC_IMPLICIT_RETAIN_SELF = YES;
				CLANG_WARN_OBJC_LITERAL_CONVERSION = YES;
				CLANG_WARN_OBJC_ROOT_CLASS = YES_ERROR;
				CLANG_WARN_QUOTED_INCLUDE_IN_FRAMEWORK_HEADER = YES;
				CLANG_WARN_RANGE_LOOP_ANALYSIS = YES;
				CLANG_WARN_STRICT_PROTOTYPES = YES;
				CLANG_WARN_SUSPICIOUS_MOVE = YES;
				CLANG_WARN_UNGUARDED_AVAILABILITY = YES_AGGRESSIVE;
				CLANG_WARN_UNREACHABLE_CODE = YES;
				CLANG_WARN__DUPLICATE_METHOD_MATCH = YES;
				COPY_PHASE_STRIP = NO;
				DEBUG_INFORMATION_FORMAT = dwarf;
				ENABLE_STRICT_OBJC_MSGSEND = YES;
				ENABLE_TESTABILITY = YES;
				GCC_C_LANGUAGE_STANDARD = gnu11;
				GCC_DYNAMIC_NO_PIC = NO;
				GCC_NO_COMMON_BLOCKS = YES;
				GCC_OPTIMIZATION_LEVEL = 0;
				GCC_PREPROCESSOR_DEFINITIONS = (
					"$(inherited)",
					"DEBUG=1",
				);
				GCC_WARN_64_TO_32_BIT_CONVERSION = YES;
				GCC_WARN_ABOUT_RETURN_TYPE = YES_ERROR;
				GCC_WARN_UNDECLARED_SELECTOR = YES;
				GCC_WARN_UNINITIALIZED_AUTOS = YES_AGGRESSIVE;
				GCC_WARN_UNUSED_FUNCTION = YES;
				GCC_WARN_UNUSED_VARIABLE = YES;
				MTL_ENABLE_DEBUG_INFO = INCLUDE_SOURCE;
				MTL_FAST_MATH = YES;
				ONLY_ACTIVE_ARCH = YES;
				PRODUCT_NAME = "$(TARGET_NAME)";
				SDKROOT = iphoneos;
				SWIFT_ACTIVE_COMPILATION_CONDITIONS = DEBUG;
				SWIFT_OPTIMIZATION_LEVEL = "-Onone";
				SWIFT_VERSION = 6.0;
			};
			name = Debug;
		};
		3853193827CCC23AB03A5996 /* Debug */ = {
			isa = XCBuildConfiguration;
			buildSettings = {
				BUNDLE_LOADER = "$(TEST_HOST)";
				GENERATE_INFOPLIST_FILE = YES;
				IPHONEOS_DEPLOYMENT_TARGET = 26.0;
				LD_RUNPATH_SEARCH_PATHS = (
					"$(inherited)",
					"@executable_path/Frameworks",
					"@loader_path/Frameworks",
				);
				PRODUCT_BUNDLE_IDENTIFIER = com.jaredhilton.GrossUpTests;
				SDKROOT = iphoneos;
				TARGETED_DEVICE_FAMILY = "1,2";
				TEST_HOST = "$(BUILT_PRODUCTS_DIR)/GrossUp.app/GrossUp";
			};
			name = Debug;
		};
		7A144B6251C08E7AE0D66AA6 /* Release */ = {
			isa = XCBuildConfiguration;
			buildSettings = {
				ASSETCATALOG_COMPILER_APPICON_NAME = AppIcon;
				CODE_SIGN_IDENTITY = "iPhone Developer";
				CODE_SIGN_STYLE = Automatic;
				CURRENT_PROJECT_VERSION = 1;
				DEVELOPMENT_TEAM = S863LZ43ZG;
				GENERATE_INFOPLIST_FILE = YES;
				INFOPLIST_KEY_UIApplicationSceneManifest_Generation = YES;
				INFOPLIST_KEY_UILaunchScreen_Generation = YES;
				INFOPLIST_KEY_UISupportedInterfaceOrientations = "UIInterfaceOrientationPortrait UIInterfaceOrientationPortraitUpsideDown UIInterfaceOrientationLandscapeLeft UIInterfaceOrientationLandscapeRight";
				INFOPLIST_KEY_UISupportedInterfaceOrientations_iPad = "UIInterfaceOrientationPortrait UIInterfaceOrientationPortraitUpsideDown UIInterfaceOrientationLandscapeLeft UIInterfaceOrientationLandscapeRight";
				IPHONEOS_DEPLOYMENT_TARGET = 26.0;
				LD_RUNPATH_SEARCH_PATHS = (
					"$(inherited)",
					"@executable_path/Frameworks",
				);
				MARKETING_VERSION = 1.0;
				PRODUCT_BUNDLE_IDENTIFIER = com.jaredhilton.GrossUp;
				SDKROOT = iphoneos;
				TARGETED_DEVICE_FAMILY = "1,2";
			};
			name = Release;
		};
		7A4F2002A6ACD1BC8F636415 /* Release */ = {
			isa = XCBuildConfiguration;
			buildSettings = {
				BUNDLE_LOADER = "$(TEST_HOST)";
				GENERATE_INFOPLIST_FILE = YES;
				IPHONEOS_DEPLOYMENT_TARGET = 26.0;
				LD_RUNPATH_SEARCH_PATHS = (
					"$(inherited)",
					"@executable_path/Frameworks",
					"@loader_path/Frameworks",
				);
				PRODUCT_BUNDLE_IDENTIFIER = com.jaredhilton.GrossUpTests;
				SDKROOT = iphoneos;
				TARGETED_DEVICE_FAMILY = "1,2";
				TEST_HOST = "$(BUILT_PRODUCTS_DIR)/GrossUp.app/GrossUp";
			};
			name = Release;
		};
		A1EA53358FF8FAD690D6F585 /* Release */ = {
			isa = XCBuildConfiguration;
			buildSettings = {
				ALWAYS_SEARCH_USER_PATHS = NO;
				CLANG_ANALYZER_NONNULL = YES;
				CLANG_ANALYZER_NUMBER_OBJECT_CONVERSION = YES_AGGRESSIVE;
				CLANG_CXX_LANGUAGE_STANDARD = "gnu++14";
				CLANG_CXX_LIBRARY = "libc++";
				CLANG_ENABLE_MODULES = YES;
				CLANG_ENABLE_OBJC_ARC = YES;
				CLANG_ENABLE_OBJC_WEAK = YES;
				CLANG_WARN_BLOCK_CAPTURE_AUTORELEASING = YES;
				CLANG_WARN_BOOL_CONVERSION = YES;
				CLANG_WARN_COMMA = YES;
				CLANG_WARN_CONSTANT_CONVERSION = YES;
				CLANG_WARN_DEPRECATED_OBJC_IMPLEMENTATIONS = YES;
				CLANG_WARN_DIRECT_OBJC_ISA_USAGE = YES_ERROR;
				CLANG_WARN_DOCUMENTATION_COMMENTS = YES;
				CLANG_WARN_EMPTY_BODY = YES;
				CLANG_WARN_ENUM_CONVERSION = YES;
				CLANG_WARN_INFINITE_RECURSION = YES;
				CLANG_WARN_INT_CONVERSION = YES;
				CLANG_WARN_NON_LITERAL_NULL_CONVERSION = YES;
				CLANG_WARN_OBJC_IMPLICIT_RETAIN_SELF = YES;
				CLANG_WARN_OBJC_LITERAL_CONVERSION = YES;
				CLANG_WARN_OBJC_ROOT_CLASS = YES_ERROR;
				CLANG_WARN_QUOTED_INCLUDE_IN_FRAMEWORK_HEADER = YES;
				CLANG_WARN_RANGE_LOOP_ANALYSIS = YES;
				CLANG_WARN_STRICT_PROTOTYPES = YES;
				CLANG_WARN_SUSPICIOUS_MOVE = YES;
				CLANG_WARN_UNGUARDED_AVAILABILITY = YES_AGGRESSIVE;
				CLANG_WARN_UNREACHABLE_CODE = YES;
				CLANG_WARN__DUPLICATE_METHOD_MATCH = YES;
				COPY_PHASE_STRIP = NO;
				DEBUG_INFORMATION_FORMAT = "dwarf-with-dsym";
				ENABLE_NS_ASSERTIONS = NO;
				ENABLE_STRICT_OBJC_MSGSEND = YES;
				GCC_C_LANGUAGE_STANDARD = gnu11;
				GCC_NO_COMMON_BLOCKS = YES;
				GCC_WARN_64_TO_32_BIT_CONVERSION = YES;
				GCC_WARN_ABOUT_RETURN_TYPE = YES_ERROR;
				GCC_WARN_UNDECLARED_SELECTOR = YES;
				GCC_WARN_UNINITIALIZED_AUTOS = YES_AGGRESSIVE;
				GCC_WARN_UNUSED_FUNCTION = YES;
				GCC_WARN_UNUSED_VARIABLE = YES;
				MTL_ENABLE_DEBUG_INFO = NO;
				MTL_FAST_MATH = YES;
				PRODUCT_NAME = "$(TARGET_NAME)";
				SDKROOT = iphoneos;
				SWIFT_COMPILATION_MODE = wholemodule;
				SWIFT_OPTIMIZATION_LEVEL = "-O";
				SWIFT_VERSION = 6.0;
			};
			name = Release;
		};
		DCA74D83217B2F1E973F952E /* Debug */ = {
			isa = XCBuildConfiguration;
			buildSettings = {
				ASSETCATALOG_COMPILER_APPICON_NAME = AppIcon;
				CODE_SIGN_IDENTITY = "iPhone Developer";
				CODE_SIGN_STYLE = Automatic;
				CURRENT_PROJECT_VERSION = 1;
				DEVELOPMENT_TEAM = S863LZ43ZG;
				GENERATE_INFOPLIST_FILE = YES;
				INFOPLIST_KEY_UIApplicationSceneManifest_Generation = YES;
				INFOPLIST_KEY_UILaunchScreen_Generation = YES;
				INFOPLIST_KEY_UISupportedInterfaceOrientations = "UIInterfaceOrientationPortrait UIInterfaceOrientationPortraitUpsideDown UIInterfaceOrientationLandscapeLeft UIInterfaceOrientationLandscapeRight";
				INFOPLIST_KEY_UISupportedInterfaceOrientations_iPad = "UIInterfaceOrientationPortrait UIInterfaceOrientationPortraitUpsideDown UIInterfaceOrientationLandscapeLeft UIInterfaceOrientationLandscapeRight";
				IPHONEOS_DEPLOYMENT_TARGET = 26.0;
				LD_RUNPATH_SEARCH_PATHS = (
					"$(inherited)",
					"@executable_path/Frameworks",
				);
				MARKETING_VERSION = 1.0;
				PRODUCT_BUNDLE_IDENTIFIER = com.jaredhilton.GrossUp;
				SDKROOT = iphoneos;
				TARGETED_DEVICE_FAMILY = "1,2";
			};
			name = Debug;
		};
/* End XCBuildConfiguration section */

/* Begin XCConfigurationList section */
		3E1FEF1B3A802758BCF310CB /* Build configuration list for PBXNativeTarget "GrossUp" */ = {
			isa = XCConfigurationList;
			buildConfigurations = (
				DCA74D83217B2F1E973F952E /* Debug */,
				7A144B6251C08E7AE0D66AA6 /* Release */,
			);
			defaultConfigurationIsVisible = 0;
			defaultConfigurationName = Debug;
		};
		5BCFBB9424C7B5A79654ECAF /* Build configuration list for PBXProject "GrossUp" */ = {
			isa = XCConfigurationList;
			buildConfigurations = (
				0D54F5162F92D0DAD4D400EE /* Debug */,
				A1EA53358FF8FAD690D6F585 /* Release */,
			);
			defaultConfigurationIsVisible = 0;
			defaultConfigurationName = Debug;
		};
		AA5CE51A1D5497CABB80FE48 /* Build configuration list for PBXNativeTarget "GrossUpTests" */ = {
			isa = XCConfigurationList;
			buildConfigurations = (
				3853193827CCC23AB03A5996 /* Debug */,
				7A4F2002A6ACD1BC8F636415 /* Release */,
			);
			defaultConfigurationIsVisible = 0;
			defaultConfigurationName = Debug;
		};
/* End XCConfigurationList section */
	};
	rootObject = A4E7CEDBCD12F831FFDB8CC4 /* Project object */;
}
